{
  "lockfileVersion": 1,
  "configVersion": 1,
  "workspaces": {
    "": {
      "name": "pr-label-assigner",
      "dependencies": {
        "minimatch": "^9.0.5",
      },
    },
  },
  "packages": {
    "balanced-match": ["balanced-match@1.0.2", "", {}, "sha512-3oSeUO0TMV67hN1AmbXsK4yaqU7tjiHlbxRDZOpH0KW9+CeX4bRAaX0Anxt0tx2MrpRpWwQaPwIlISEJhYU5Pw=="],

    "brace-expansion": ["brace-expansion@2.1.0", "", { "dependencies": { "balanced-match": "^1.0.0" } }, "sha512-TN1kCZAgdgweJhWWpgKYrQaMNHcDULHkWwQIspdtjV4Y5aurRdZpjAqn6yX3FPqTA9ngHCc4hJxMAMgGfve85w=="],

    "minimatch": ["minimatch@9.0.9", "", { "dependencies": { "brace-expansion": "^2.0.2" } }, "sha512-OBwBN9AL4dqmETlpS2zasx+vTeWclWzkblfZk7KTA5j3jeOONz/tRCnZomUyvNg83wL5Zv9Ss6HMJXAgL8R2Yg=="],
  }
}
